
Microsoft Visual Studio Solution File, Format Version 12.00
# Visual Studio Version 17
VisualStudioVersion = 17.0.31903.59
MinimumVisualStudioVersion = 10.0.40219.1
Project("{FAE04EC0-301F-11D3-BF4B-00C04F79EFBC}") = "Project1", "Project1\Project1.csproj", "{8928F485-5060-411F-A7F0-7EF1AB27F146}"
EndProject
Project("{FAE04EC0-301F-11D3-BF4B-00C04F79EFBC}") = "Project2", "Project2\Project2.csproj", "{8403A296-741D-44ED-BDF0-42F18DCC0785}"
EndProject
Global
	GlobalSection(SolutionConfigurationPlatforms) = preSolution
		Debug|Any CPU = Debug|Any CPU
		Release|Any CPU = Release|Any CPU
	EndGlobalSection
	GlobalSection(SolutionProperties) = preSolution
		HideSolutionNode = FALSE
	EndGlobalSection
	GlobalSection(ProjectConfigurationPlatforms) = postSolution
		{8928F485-5060-411F-A7F0-7EF1AB27F146}.Debug|Any CPU.ActiveCfg = Debug|Any CPU
		{8928F485-5060-411F-A7F0-7EF1AB27F146}.Debug|Any CPU.Build.0 = Debug|Any CPU
		{8928F485-5060-411F-A7F0-7EF1AB27F146}.Release|Any CPU.ActiveCfg = Release|Any CPU
		{8928F485-5060-411F-A7F0-7EF1AB27F146}.Release|Any CPU.Build.0 = Release|Any CPU
		{8403A296-741D-44ED-BDF0-42F18DCC0785}.Debug|Any CPU.ActiveCfg = Debug|Any CPU
		{8403A296-741D-44ED-BDF0-42F18DCC0785}.Debug|Any CPU.Build.0 = Debug|Any CPU
		{8403A296-741D-44ED-BDF0-42F18DCC0785}.Release|Any CPU.ActiveCfg = Release|Any CPU
		{8403A296-741D-44ED-BDF0-42F18DCC0785}.Release|Any CPU.Build.0 = Release|Any CPU
	EndGlobalSection
EndGlobal
